
Microsoft Visual Studio Solution File, Format Version 12.00
# Visual Studio Version 17
VisualStudioVersion = 17.13.35931.197
MinimumVisualStudioVersion = 10.0.40219.1
Project("{FAE04EC0-301F-11D3-BF4B-00C04F79EFBC}") = "ReflectionWithAttributes", "ReflectionWithAttributes.csproj", "{77B677B2-C9AE-44E0-B846-52C8BFA67C24}"
EndProject
Project("{FAE04EC0-301F-11D3-BF4B-00C04F79EFBC}") = "TemperatureConverterWAttributes", "..\TemperatureConverterWAttributes\TemperatureConverterWAttributes.csproj", "{7DA6000A-972A-4B93-A4A5-8F108E4E6EF3}"
EndProject
Global
	GlobalSection(SolutionConfigurationPlatforms) = preSolution
		Debug|Any CPU = Debug|Any CPU
		Release|Any CPU = Release|Any CPU
	EndGlobalSection
	GlobalSection(ProjectConfigurationPlatforms) = postSolution
		{77B677B2-C9AE-44E0-B846-52C8BFA67C24}.Debug|Any CPU.ActiveCfg = Debug|Any CPU
		{77B677B2-C9AE-44E0-B846-52C8BFA67C24}.Debug|Any CPU.Build.0 = Debug|Any CPU
		{77B677B2-C9AE-44E0-B846-52C8BFA67C24}.Release|Any CPU.ActiveCfg = Release|Any CPU
		{77B677B2-C9AE-44E0-B846-52C8BFA67C24}.Release|Any CPU.Build.0 = Release|Any CPU
		{7DA6000A-972A-4B93-A4A5-8F108E4E6EF3}.Debug|Any CPU.ActiveCfg = Debug|Any CPU
		{7DA6000A-972A-4B93-A4A5-8F108E4E6EF3}.Debug|Any CPU.Build.0 = Debug|Any CPU
		{7DA6000A-972A-4B93-A4A5-8F108E4E6EF3}.Release|Any CPU.ActiveCfg = Release|Any CPU
		{7DA6000A-972A-4B93-A4A5-8F108E4E6EF3}.Release|Any CPU.Build.0 = Release|Any CPU
	EndGlobalSection
	GlobalSection(SolutionProperties) = preSolution
		HideSolutionNode = FALSE
	EndGlobalSection
	GlobalSection(ExtensibilityGlobals) = postSolution
		SolutionGuid = {5533E874-3930-4ABF-B6F4-9D44B03E096F}
	EndGlobalSection
EndGlobal
