
Microsoft Visual Studio Solution File, Format Version 12.00
# Visual Studio Version 17
VisualStudioVersion = 17.13.35931.197 d17.13
MinimumVisualStudioVersion = 10.0.40219.1
Project("{FAE04EC0-301F-11D3-BF4B-00C04F79EFBC}") = "FileMonitorWinForm", "FileMonitorWinForm.csproj", "{9B10FFDB-2E7B-45DC-89C0-CB1AD7CD46DC}"
EndProject
Global
	GlobalSection(SolutionConfigurationPlatforms) = preSolution
		Debug|Any CPU = Debug|Any CPU
		Release|Any CPU = Release|Any CPU
	EndGlobalSection
	GlobalSection(ProjectConfigurationPlatforms) = postSolution
		{9B10FFDB-2E7B-45DC-89C0-CB1AD7CD46DC}.Debug|Any CPU.ActiveCfg = Debug|Any CPU
		{9B10FFDB-2E7B-45DC-89C0-CB1AD7CD46DC}.Debug|Any CPU.Build.0 = Debug|Any CPU
		{9B10FFDB-2E7B-45DC-89C0-CB1AD7CD46DC}.Release|Any CPU.ActiveCfg = Release|Any CPU
		{9B10FFDB-2E7B-45DC-89C0-CB1AD7CD46DC}.Release|Any CPU.Build.0 = Release|Any CPU
	EndGlobalSection
	GlobalSection(SolutionProperties) = preSolution
		HideSolutionNode = FALSE
	EndGlobalSection
	GlobalSection(ExtensibilityGlobals) = postSolution
		SolutionGuid = {DBE83D9F-D91F-4BED-A1EE-9A92E1D4EC7A}
	EndGlobalSection
EndGlobal
