
Microsoft Visual Studio Solution File, Format Version 12.00
# Visual Studio Version 17
VisualStudioVersion = 17.13.35931.197 d17.13
MinimumVisualStudioVersion = 10.0.40219.1
Project("{FAE04EC0-301F-11D3-BF4B-00C04F79EFBC}") = "TelephoneXML", "TelephoneXML.csproj", "{D9DAEE16-A6A1-4E51-A150-A72306AABD5B}"
EndProject
Global
	GlobalSection(SolutionConfigurationPlatforms) = preSolution
		Debug|Any CPU = Debug|Any CPU
		Release|Any CPU = Release|Any CPU
	EndGlobalSection
	GlobalSection(ProjectConfigurationPlatforms) = postSolution
		{D9DAEE16-A6A1-4E51-A150-A72306AABD5B}.Debug|Any CPU.ActiveCfg = Debug|Any CPU
		{D9DAEE16-A6A1-4E51-A150-A72306AABD5B}.Debug|Any CPU.Build.0 = Debug|Any CPU
		{D9DAEE16-A6A1-4E51-A150-A72306AABD5B}.Release|Any CPU.ActiveCfg = Release|Any CPU
		{D9DAEE16-A6A1-4E51-A150-A72306AABD5B}.Release|Any CPU.Build.0 = Release|Any CPU
	EndGlobalSection
	GlobalSection(SolutionProperties) = preSolution
		HideSolutionNode = FALSE
	EndGlobalSection
	GlobalSection(ExtensibilityGlobals) = postSolution
		SolutionGuid = {1026CB3E-771A-402F-AF63-29AF9EDD79E5}
	EndGlobalSection
EndGlobal
