
Microsoft Visual Studio Solution File, Format Version 12.00
# Visual Studio Version 17
VisualStudioVersion = 17.13.35931.197 d17.13
MinimumVisualStudioVersion = 10.0.40219.1
Project("{FAE04EC0-301F-11D3-BF4B-00C04F79EFBC}") = "AsyncModel", "AsyncModel.csproj", "{0D7F33DD-E08F-4D9B-82C6-DBEB76B6E405}"
EndProject
Global
	GlobalSection(SolutionConfigurationPlatforms) = preSolution
		Debug|Any CPU = Debug|Any CPU
		Release|Any CPU = Release|Any CPU
	EndGlobalSection
	GlobalSection(ProjectConfigurationPlatforms) = postSolution
		{0D7F33DD-E08F-4D9B-82C6-DBEB76B6E405}.Debug|Any CPU.ActiveCfg = Debug|Any CPU
		{0D7F33DD-E08F-4D9B-82C6-DBEB76B6E405}.Debug|Any CPU.Build.0 = Debug|Any CPU
		{0D7F33DD-E08F-4D9B-82C6-DBEB76B6E405}.Release|Any CPU.ActiveCfg = Release|Any CPU
		{0D7F33DD-E08F-4D9B-82C6-DBEB76B6E405}.Release|Any CPU.Build.0 = Release|Any CPU
	EndGlobalSection
	GlobalSection(SolutionProperties) = preSolution
		HideSolutionNode = FALSE
	EndGlobalSection
	GlobalSection(ExtensibilityGlobals) = postSolution
		SolutionGuid = {38A280DF-CC76-454B-8EF5-9B66A7EF398B}
	EndGlobalSection
EndGlobal
