
Microsoft Visual Studio Solution File, Format Version 12.00
# Visual Studio Version 17
VisualStudioVersion = 17.13.35931.197 d17.13
MinimumVisualStudioVersion = 10.0.40219.1
Project("{FAE04EC0-301F-11D3-BF4B-00C04F79EFBC}") = "Polymorphism", "Polymorphism.csproj", "{CEC7FC54-555E-44A8-8EE7-117E2B232DBA}"
EndProject
Global
	GlobalSection(SolutionConfigurationPlatforms) = preSolution
		Debug|Any CPU = Debug|Any CPU
		Release|Any CPU = Release|Any CPU
	EndGlobalSection
	GlobalSection(ProjectConfigurationPlatforms) = postSolution
		{CEC7FC54-555E-44A8-8EE7-117E2B232DBA}.Debug|Any CPU.ActiveCfg = Debug|Any CPU
		{CEC7FC54-555E-44A8-8EE7-117E2B232DBA}.Debug|Any CPU.Build.0 = Debug|Any CPU
		{CEC7FC54-555E-44A8-8EE7-117E2B232DBA}.Release|Any CPU.ActiveCfg = Release|Any CPU
		{CEC7FC54-555E-44A8-8EE7-117E2B232DBA}.Release|Any CPU.Build.0 = Release|Any CPU
	EndGlobalSection
	GlobalSection(SolutionProperties) = preSolution
		HideSolutionNode = FALSE
	EndGlobalSection
	GlobalSection(ExtensibilityGlobals) = postSolution
		SolutionGuid = {8E308C35-8D71-46A0-A552-03EE2D6772E7}
	EndGlobalSection
EndGlobal
